<?xml version="1.0" encoding="utf-8"?>
<Project ToolsVersion="4.0" xmlns="http://schemas.microsoft.com/developer/msbuild/2003">
  <ItemGroup>
    <Filter Include="Source Files">
      <UniqueIdentifier>{4FC737F1-C7A5-4376-A066-2A32D752A2FF}</UniqueIdentifier>
      <Extensions>cpp;c;cc;cxx;def;odl;idl;hpj;bat;asm;asmx</Extensions>
    </Filter>
    <Filter Include="Header Files">
      <UniqueIdentifier>{93995380-89BD-4b04-88EB-625FBE52EBFB}</UniqueIdentifier>
      <Extensions>h;hh;hpp;hxx;hm;inl;inc;ipp;xsd</Extensions>
    </Filter>
    <Filter Include="Resource Files">
      <UniqueIdentifier>{67DA6AB6-F800-4c08-8B7A-83BB121AAD01}</UniqueIdentifier>
      <Extensions>rc;ico;cur;bmp;dlg;rc2;rct;bin;rgs;gif;jpg;jpeg;jpe;resx;tiff;tif;png;wav;mfcribbon-ms</Extensions>
    </Filter>
    <Filter Include="Header Files\Gorszy kod">
      <UniqueIdentifier>{88e148a7-e6d3-473d-8122-a5ecbb6ceb83}</UniqueIdentifier>
    </Filter>
    <Filter Include="Source Files\Gorszy kod">
      <UniqueIdentifier>{a1c67edf-35e6-43b3-91a5-94169e18b07e}</UniqueIdentifier>
    </Filter>
    <Filter Include="Header Files\Rendering">
      <UniqueIdentifier>{3e23e3ba-4cdb-43e1-a95f-4623487736ae}</UniqueIdentifier>
    </Filter>
    <Filter Include="Source Files\Rendering">
      <UniqueIdentifier>{c2aaecc2-f353-46f4-81e9-983ac90cf765}</UniqueIdentifier>
    </Filter>
    <Filter Include="Header Files\Computation">
      <UniqueIdentifier>{034ca265-4c1c-44c3-816b-ef4704cf45fd}</UniqueIdentifier>
    </Filter>
    <Filter Include="Header Files\Threads">
      <UniqueIdentifier>{483fec45-d288-4a17-8f7b-f6a923b0a86c}</UniqueIdentifier>
    </Filter>
    <Filter Include="Source Files\Computation">
      <UniqueIdentifier>{f18c6fd3-a0a1-49e3-8486-32b028a5fa19}</UniqueIdentifier>
    </Filter>
    <Filter Include="Header Files\Custom utils">
      <UniqueIdentifier>{ebe53472-b54d-461e-8bd1-b96f7dbc53e7}</UniqueIdentifier>
    </Filter>
    <Filter Include="Source Files\Threads">
      <UniqueIdentifier>{52788401-36d7-4411-ab63-e817e5fa74b9}</UniqueIdentifier>
    </Filter>
  </ItemGroup>
  <ItemGroup>
    <ClCompile Include="GaussianGroupingEvaluatorFactory.cpp">
      <Filter>Source Files\Gorszy kod</Filter>
    </ClCompile>
    <ClCompile Include="GroupingChallenge.cpp">
      <Filter>Source Files\Gorszy kod</Filter>
    </ClCompile>
    <ClCompile Include="GroupingEvaluator.cpp">
      <Filter>Source Files\Gorszy kod</Filter>
    </ClCompile>
    <ClCompile Include="Optimizer.cpp">
      <Filter>Source Files\Gorszy kod</Filter>
    </ClCompile>
    <ClCompile Include="Point.cpp">
      <Filter>Source Files\Gorszy kod</Filter>
    </ClCompile>
    <ClCompile Include="RenderingCode.cpp">
      <Filter>Source Files\Rendering</Filter>
    </ClCompile>
    <ClCompile Include="MyOwnEvaluator.cpp">
      <Filter>Source Files\Computation</Filter>
    </ClCompile>
    <ClCompile Include="ThreadController.cpp">
      <Filter>Source Files\Threads</Filter>
    </ClCompile>
    <ClCompile Include="GraphicThread.cpp">
      <Filter>Source Files\Rendering</Filter>
    </ClCompile>
    <ClCompile Include="Breeding.cpp">
      <Filter>Source Files\Computation</Filter>
    </ClCompile>
  </ItemGroup>
  <ItemGroup>
    <ClInclude Include="Point.h">
      <Filter>Header Files\Gorszy kod</Filter>
    </ClInclude>
    <ClInclude Include="Optimizer.h">
      <Filter>Header Files\Gorszy kod</Filter>
    </ClInclude>
    <ClInclude Include="GroupingEvaluator.h">
      <Filter>Header Files\Gorszy kod</Filter>
    </ClInclude>
    <ClInclude Include="GaussianGroupingEvaluatorFactory.h">
      <Filter>Header Files\Gorszy kod</Filter>
    </ClInclude>
    <ClInclude Include="Settings.hpp">
      <Filter>Header Files</Filter>
    </ClInclude>
    <ClInclude Include="RenderingCode.hpp">
      <Filter>Header Files\Rendering</Filter>
    </ClInclude>
    <ClInclude Include="MyOwnEvaluator.hpp">
      <Filter>Header Files\Computation</Filter>
    </ClInclude>
    <ClInclude Include="Strategies.hpp">
      <Filter>Header Files\Computation</Filter>
    </ClInclude>
    <ClInclude Include="ThreadController.hpp">
      <Filter>Header Files\Threads</Filter>
    </ClInclude>
    <ClInclude Include="WorkerThread.hpp">
      <Filter>Header Files\Threads</Filter>
    </ClInclude>
    <ClInclude Include="Breeding.hpp">
      <Filter>Header Files\Computation</Filter>
    </ClInclude>
    <ClInclude Include="Selection.hpp">
      <Filter>Header Files\Computation</Filter>
    </ClInclude>
    <ClInclude Include="ContainerQueue.hpp">
      <Filter>Header Files\Custom utils</Filter>
    </ClInclude>
    <ClInclude Include="Random.hpp">
      <Filter>Header Files\Custom utils</Filter>
    </ClInclude>
    <ClInclude Include="Mutator.hpp">
      <Filter>Header Files\Computation</Filter>
    </ClInclude>
  </ItemGroup>
  <ItemGroup>
    <None Include="ThreadController.tpp">
      <Filter>Source Files\Threads</Filter>
    </None>
    <None Include="WorkerThread.tpp">
      <Filter>Source Files\Threads</Filter>
    </None>
    <None Include="Breeding.tpp">
      <Filter>Source Files\Computation</Filter>
    </None>
    <None Include="Selection.tpp">
      <Filter>Source Files\Computation</Filter>
    </None>
    <None Include="Mutator.tpp">
      <Filter>Source Files\Computation</Filter>
    </None>
  </ItemGroup>
</Project>